
Microsoft Visual Studio Solution File, Format Version 12.00
# Visual Studio Version 16
VisualStudioVersion = 16.0.30011.22
MinimumVisualStudioVersion = 10.0.40219.1
Project("{FAE04EC0-301F-11D3-BF4B-00C04F79EFBC}") = "Renklerin Dili", "Renklerin Dili.csproj", "{B1B17CD7-6348-4280-B0C1-C4B7EEED6709}"
EndProject
Global
	GlobalSection(SolutionConfigurationPlatforms) = preSolution
		Debug|Any CPU = Debug|Any CPU
		Release|Any CPU = Release|Any CPU
	EndGlobalSection
	GlobalSection(ProjectConfigurationPlatforms) = postSolution
		{B1B17CD7-6348-4280-B0C1-C4B7EEED6709}.Debug|Any CPU.ActiveCfg = Debug|Any CPU
		{B1B17CD7-6348-4280-B0C1-C4B7EEED6709}.Debug|Any CPU.Build.0 = Debug|Any CPU
		{B1B17CD7-6348-4280-B0C1-C4B7EEED6709}.Release|Any CPU.ActiveCfg = Release|Any CPU
		{B1B17CD7-6348-4280-B0C1-C4B7EEED6709}.Release|Any CPU.Build.0 = Release|Any CPU
	EndGlobalSection
	GlobalSection(SolutionProperties) = preSolution
		HideSolutionNode = FALSE
	EndGlobalSection
	GlobalSection(ExtensibilityGlobals) = postSolution
		SolutionGuid = {061478D6-87ED-43FB-A6D5-140066E11555}
	EndGlobalSection
EndGlobal
